// !$*UTF8*$!
{
	archiveVersion = 1;
	classes = {
	};
	objectVersion = 50;
	objects = {

/* Begin PBXBuildFile section */
		953759D02562945300ACD8AC /* AppDelegate.swift in Sources */ = {isa = PBXBuildFile; fileRef = 953759CF2562945300ACD8AC /* AppDelegate.swift */; };
		953759D22562945300ACD8AC /* SceneDelegate.swift in Sources */ = {isa = PBXBuildFile; fileRef = 953759D12562945300ACD8AC /* SceneDelegate.swift */; };
		953759D42562945300ACD8AC /* ContentView.swift in Sources */ = {isa = PBXBuildFile; fileRef = 953759D32562945300ACD8AC /* ContentView.swift */; };
		953759D62562945400ACD8AC /* Assets.xcassets in Resources */ = {isa = PBXBuildFile; fileRef = 953759D52562945400ACD8AC /* Assets.xcassets */; };
		953759D92562945400ACD8AC /* Preview Assets.xcassets in Resources */ = {isa = PBXBuildFile; fileRef = 953759D82562945400ACD8AC /* Preview Assets.xcassets */; };
		953759DC2562945400ACD8AC /* LaunchScreen.storyboard in Resources */ = {isa = PBXBuildFile; fileRef = 953759DA2562945400ACD8AC /* LaunchScreen.storyboard */; };
		953759E5256294B200ACD8AC /* Length.swift in Sources */ = {isa = PBXBuildFile; fileRef = 953759E4256294B200ACD8AC /* Length.swift */; };
		953759E82562966100ACD8AC /* NamedUnit.swift in Sources */ = {isa = PBXBuildFile; fileRef = 953759E72562966100ACD8AC /* NamedUnit.swift */; };
		953759EB256296AA00ACD8AC /* Temperature.swift in Sources */ = {isa = PBXBuildFile; fileRef = 953759EA256296AA00ACD8AC /* Temperature.swift */; };
		953759EE2562978400ACD8AC /* Time.swift in Sources */ = {isa = PBXBuildFile; fileRef = 953759ED2562978400ACD8AC /* Time.swift */; };
		953759F12562985D00ACD8AC /* Volume.swift in Sources */ = {isa = PBXBuildFile; fileRef = 953759F02562985D00ACD8AC /* Volume.swift */; };
		953759F42562996800ACD8AC /* UnitType.swift in Sources */ = {isa = PBXBuildFile; fileRef = 953759F32562996800ACD8AC /* UnitType.swift */; };
		953759F72562997300ACD8AC /* UnitTypes.swift in Sources */ = {isa = PBXBuildFile; fileRef = 953759F62562997300ACD8AC /* UnitTypes.swift */; };
/* End PBXBuildFile section */

/* Begin PBXFileReference section */
		953759CC2562945300ACD8AC /* UnitConversion.app */ = {isa = PBXFileReference; explicitFileType = wrapper.application; includeInIndex = 0; path = UnitConversion.app; sourceTree = BUILT_PRODUCTS_DIR; };
		953759CF2562945300ACD8AC /* AppDelegate.swift */ = {isa = PBXFileReference; lastKnownFileType = sourcecode.swift; path = AppDelegate.swift; sourceTree = "<group>"; };
		953759D12562945300ACD8AC /* SceneDelegate.swift */ = {isa = PBXFileReference; lastKnownFileType = sourcecode.swift; path = SceneDelegate.swift; sourceTree = "<group>"; };
		953759D32562945300ACD8AC /* ContentView.swift */ = {isa = PBXFileReference; lastKnownFileType = sourcecode.swift; path = ContentView.swift; sourceTree = "<group>"; };
		953759D52562945400ACD8AC /* Assets.xcassets */ = {isa = PBXFileReference; lastKnownFileType = folder.assetcatalog; path = Assets.xcassets; sourceTree = "<group>"; };
		953759D82562945400ACD8AC /* Preview Assets.xcassets */ = {isa = PBXFileReference; lastKnownFileType = folder.assetcatalog; path = "Preview Assets.xcassets"; sourceTree = "<group>"; };
		953759DB2562945400ACD8AC /* Base */ = {isa = PBXFileReference; lastKnownFileType = file.storyboard; name = Base; path = Base.lproj/LaunchScreen.storyboard; sourceTree = "<group>"; };
		953759DD2562945400ACD8AC /* Info.plist */ = {isa = PBXFileReference; lastKnownFileType = text.plist.xml; path = Info.plist; sourceTree = "<group>"; };
		953759E4256294B200ACD8AC /* Length.swift */ = {isa = PBXFileReference; lastKnownFileType = sourcecode.swift; path = Length.swift; sourceTree = "<group>"; };
		953759E72562966100ACD8AC /* NamedUnit.swift */ = {isa = PBXFileReference; lastKnownFileType = sourcecode.swift; path = NamedUnit.swift; sourceTree = "<group>"; };
		953759EA256296AA00ACD8AC /* Temperature.swift */ = {isa = PBXFileReference; lastKnownFileType = sourcecode.swift; path = Temperature.swift; sourceTree = "<group>"; };
		953759ED2562978400ACD8AC /* Time.swift */ = {isa = PBXFileReference; lastKnownFileType = sourcecode.swift; path = Time.swift; sourceTree = "<group>"; };
		953759F02562985D00ACD8AC /* Volume.swift */ = {isa = PBXFileReference; lastKnownFileType = sourcecode.swift; path = Volume.swift; sourceTree = "<group>"; };
		953759F32562996800ACD8AC /* UnitType.swift */ = {isa = PBXFileReference; lastKnownFileType = sourcecode.swift; path = UnitType.swift; sourceTree = "<group>"; };
		953759F62562997300ACD8AC /* UnitTypes.swift */ = {isa = PBXFileReference; lastKnownFileType = sourcecode.swift; path = UnitTypes.swift; sourceTree = "<group>"; };
/* End PBXFileReference section */

/* Begin PBXFrameworksBuildPhase section */
		953759C92562945300ACD8AC /* Frameworks */ = {
			isa = PBXFrameworksBuildPhase;
			buildActionMask = 2147483647;
			files = (
			);
			runOnlyForDeploymentPostprocessing = 0;
		};
/* End PBXFrameworksBuildPhase section */

/* Begin PBXGroup section */
		953759C32562945300ACD8AC = {
			isa = PBXGroup;
			children = (
				953759CE2562945300ACD8AC /* UnitConversion */,
				953759CD2562945300ACD8AC /* Products */,
			);
			sourceTree = "<group>";
		};
		953759CD2562945300ACD8AC /* Products */ = {
			isa = PBXGroup;
			children = (
				953759CC2562945300ACD8AC /* UnitConversion.app */,
			);
			name = Products;
			sourceTree = "<group>";
		};
		953759CE2562945300ACD8AC /* UnitConversion */ = {
			isa = PBXGroup;
			children = (
				953759CF2562945300ACD8AC /* AppDelegate.swift */,
				953759D12562945300ACD8AC /* SceneDelegate.swift */,
				953759D32562945300ACD8AC /* ContentView.swift */,
				953759E4256294B200ACD8AC /* Length.swift */,
				953759EA256296AA00ACD8AC /* Temperature.swift */,
				953759ED2562978400ACD8AC /* Time.swift */,
				953759F02562985D00ACD8AC /* Volume.swift */,
				953759E72562966100ACD8AC /* NamedUnit.swift */,
				953759F32562996800ACD8AC /* UnitType.swift */,
				953759F62562997300ACD8AC /* UnitTypes.swift */,
				953759D52562945400ACD8AC /* Assets.xcassets */,
				953759DA2562945400ACD8AC /* LaunchScreen.storyboard */,
				953759DD2562945400ACD8AC /* Info.plist */,
				953759D72562945400ACD8AC /* Preview Content */,
			);
			path = UnitConversion;
			sourceTree = "<group>";
		};
		953759D72562945400ACD8AC /* Preview Content */ = {
			isa = PBXGroup;
			children = (
				953759D82562945400ACD8AC /* Preview Assets.xcassets */,
			);
			path = "Preview Content";
			sourceTree = "<group>";
		};
/* End PBXGroup section */

/* Begin PBXNativeTarget section */
		953759CB2562945300ACD8AC /* UnitConversion */ = {
			isa = PBXNativeTarget;
			buildConfigurationList = 953759E02562945400ACD8AC /* Build configuration list for PBXNativeTarget "UnitConversion" */;
			buildPhases = (
				953759C82562945300ACD8AC /* Sources */,
				953759C92562945300ACD8AC /* Frameworks */,
				953759CA2562945300ACD8AC /* Resources */,
			);
			buildRules = (
			);
			dependencies = (
			);
			name = UnitConversion;
			productName = UnitConversion;
			productReference = 953759CC2562945300ACD8AC /* UnitConversion.app */;
			productType = "com.apple.product-type.application";
		};
/* End PBXNativeTarget section */

/* Begin PBXProject section */
		953759C42562945300ACD8AC /* Project object */ = {
			isa = PBXProject;
			attributes = {
				LastSwiftUpdateCheck = 1210;
				LastUpgradeCheck = 1210;
				TargetAttributes = {
					953759CB2562945300ACD8AC = {
						CreatedOnToolsVersion = 12.1;
					};
				};
			};
			buildConfigurationList = 953759C72562945300ACD8AC /* Build configuration list for PBXProject "UnitConversion" */;
			compatibilityVersion = "Xcode 9.3";
			developmentRegion = en;
			hasScannedForEncodings = 0;
			knownRegions = (
				en,
				Base,
			);
			mainGroup = 953759C32562945300ACD8AC;
			productRefGroup = 953759CD2562945300ACD8AC /* Products */;
			projectDirPath = "";
			projectRoot = "";
			targets = (
				953759CB2562945300ACD8AC /* UnitConversion */,
			);
		};
/* End PBXProject section */

/* Begin PBXResourcesBuildPhase section */
		953759CA2562945300ACD8AC /* Resources */ = {
			isa = PBXResourcesBuildPhase;
			buildActionMask = 2147483647;
			files = (
				953759DC2562945400ACD8AC /* LaunchScreen.storyboard in Resources */,
				953759D92562945400ACD8AC /* Preview Assets.xcassets in Resources */,
				953759D62562945400ACD8AC /* Assets.xcassets in Resources */,
			);
			runOnlyForDeploymentPostprocessing = 0;
		};
/* End PBXResourcesBuildPhase section */

/* Begin PBXSourcesBuildPhase section */
		953759C82562945300ACD8AC /* Sources */ = {
			isa = PBXSourcesBuildPhase;
			buildActionMask = 2147483647;
			files = (
				953759E82562966100ACD8AC /* NamedUnit.swift in Sources */,
				953759D02562945300ACD8AC /* AppDelegate.swift in Sources */,
				953759EE2562978400ACD8AC /* Time.swift in Sources */,
				953759EB256296AA00ACD8AC /* Temperature.swift in Sources */,
				953759F42562996800ACD8AC /* UnitType.swift in Sources */,
				953759E5256294B200ACD8AC /* Length.swift in Sources */,
				953759D22562945300ACD8AC /* SceneDelegate.swift in Sources */,
				953759F72562997300ACD8AC /* UnitTypes.swift in Sources */,
				953759D42562945300ACD8AC /* ContentView.swift in Sources */,
				953759F12562985D00ACD8AC /* Volume.swift in Sources */,
			);
			runOnlyForDeploymentPostprocessing = 0;
		};
/* End PBXSourcesBuildPhase section */

/* Begin PBXVariantGroup section */
		953759DA2562945400ACD8AC /* LaunchScreen.storyboard */ = {
			isa = PBXVariantGroup;
			children = (
				953759DB2562945400ACD8AC /* Base */,
			);
			name = LaunchScreen.storyboard;
			sourceTree = "<group>";
		};
/* End PBXVariantGroup section */

/* Begin XCBuildConfiguration section */
		953759DE2562945400ACD8AC /* Debug */ = {
			isa = XCBuildConfiguration;
			buildSettings = {
				ALWAYS_SEARCH_USER_PATHS = NO;
				CLANG_ANALYZER_NONNULL = YES;
				CLANG_ANALYZER_NUMBER_OBJECT_CONVERSION = YES_AGGRESSIVE;
				CLANG_CXX_LANGUAGE_STANDARD = "gnu++14";
				CLANG_CXX_LIBRARY = "libc++";
				CLANG_ENABLE_MODULES = YES;
				CLANG_ENABLE_OBJC_ARC = YES;
				CLANG_ENABLE_OBJC_WEAK = YES;
				CLANG_WARN_BLOCK_CAPTURE_AUTORELEASING = YES;
				CLANG_WARN_BOOL_CONVERSION = YES;
				CLANG_WARN_COMMA = YES;
				CLANG_WARN_CONSTANT_CONVERSION = YES;
				CLANG_WARN_DEPRECATED_OBJC_IMPLEMENTATIONS = YES;
				CLANG_WARN_DIRECT_OBJC_ISA_USAGE = YES_ERROR;
				CLANG_WARN_DOCUMENTATION_COMMENTS = YES;
				CLANG_WARN_EMPTY_BODY = YES;
				CLANG_WARN_ENUM_CONVERSION = YES;
				CLANG_WARN_INFINITE_RECURSION = YES;
				CLANG_WARN_INT_CONVERSION = YES;
				CLANG_WARN_NON_LITERAL_NULL_CONVERSION = YES;
				CLANG_WARN_OBJC_IMPLICIT_RETAIN_SELF = YES;
				CLANG_WARN_OBJC_LITERAL_CONVERSION = YES;
				CLANG_WARN_OBJC_ROOT_CLASS = YES_ERROR;
				CLANG_WARN_QUOTED_INCLUDE_IN_FRAMEWORK_HEADER = YES;
				CLANG_WARN_RANGE_LOOP_ANALYSIS = YES;
				CLANG_WARN_STRICT_PROTOTYPES = YES;
				CLANG_WARN_SUSPICIOUS_MOVE = YES;
				CLANG_WARN_UNGUARDED_AVAILABILITY = YES_AGGRESSIVE;
				CLANG_WARN_UNREACHABLE_CODE = YES;
				CLANG_WARN__DUPLICATE_METHOD_MATCH = YES;
				COPY_PHASE_STRIP = NO;
				DEBUG_INFORMATION_FORMAT = dwarf;
				ENABLE_STRICT_OBJC_MSGSEND = YES;
				ENABLE_TESTABILITY = YES;
				GCC_C_LANGUAGE_STANDARD = gnu11;
				GCC_DYNAMIC_NO_PIC = NO;
				GCC_NO_COMMON_BLOCKS = YES;
				GCC_OPTIMIZATION_LEVEL = 0;
				GCC_PREPROCESSOR_DEFINITIONS = (
					"DEBUG=1",
					"$(inherited)",
				);
				GCC_WARN_64_TO_32_BIT_CONVERSION = YES;
				GCC_WARN_ABOUT_RETURN_TYPE = YES_ERROR;
				GCC_WARN_UNDECLARED_SELECTOR = YES;
				GCC_WARN_UNINITIALIZED_AUTOS = YES_AGGRESSIVE;
				GCC_WARN_UNUSED_FUNCTION = YES;
				GCC_WARN_UNUSED_VARIABLE = YES;
				IPHONEOS_DEPLOYMENT_TARGET = 14.1;
				MTL_ENABLE_DEBUG_INFO = INCLUDE_SOURCE;
				MTL_FAST_MATH = YES;
				ONLY_ACTIVE_ARCH = YES;
				SDKROOT = iphoneos;
				SWIFT_ACTIVE_COMPILATION_CONDITIONS = DEBUG;
				SWIFT_OPTIMIZATION_LEVEL = "-Onone";
			};
			name = Debug;
		};
		953759DF2562945400ACD8AC /* Release */ = {
			isa = XCBuildConfiguration;
			buildSettings = {
				ALWAYS_SEARCH_USER_PATHS = NO;
				CLANG_ANALYZER_NONNULL = YES;
				CLANG_ANALYZER_NUMBER_OBJECT_CONVERSION = YES_AGGRESSIVE;
				CLANG_CXX_LANGUAGE_STANDARD = "gnu++14";
				CLANG_CXX_LIBRARY = "libc++";
				CLANG_ENABLE_MODULES = YES;
				CLANG_ENABLE_OBJC_ARC = YES;
				CLANG_ENABLE_OBJC_WEAK = YES;
				CLANG_WARN_BLOCK_CAPTURE_AUTORELEASING = YES;
				CLANG_WARN_BOOL_CONVERSION = YES;
				CLANG_WARN_COMMA = YES;
				CLANG_WARN_CONSTANT_CONVERSION = YES;
				CLANG_WARN_DEPRECATED_OBJC_IMPLEMENTATIONS = YES;
				CLANG_WARN_DIRECT_OBJC_ISA_USAGE = YES_ERROR;
				CLANG_WARN_DOCUMENTATION_COMMENTS = YES;
				CLANG_WARN_EMPTY_BODY = YES;
				CLANG_WARN_ENUM_CONVERSION = YES;
				CLANG_WARN_INFINITE_RECURSION = YES;
				CLANG_WARN_INT_CONVERSION = YES;
				CLANG_WARN_NON_LITERAL_NULL_CONVERSION = YES;
				CLANG_WARN_OBJC_IMPLICIT_RETAIN_SELF = YES;
				CLANG_WARN_OBJC_LITERAL_CONVERSION = YES;
				CLANG_WARN_OBJC_ROOT_CLASS = YES_ERROR;
				CLANG_WARN_QUOTED_INCLUDE_IN_FRAMEWORK_HEADER = YES;
				CLANG_WARN_RANGE_LOOP_ANALYSIS = YES;
				CLANG_WARN_STRICT_PROTOTYPES = YES;
				CLANG_WARN_SUSPICIOUS_MOVE = YES;
				CLANG_WARN_UNGUARDED_AVAILABILITY = YES_AGGRESSIVE;
				CLANG_WARN_UNREACHABLE_CODE = YES;
				CLANG_WARN__DUPLICATE_METHOD_MATCH = YES;
				COPY_PHASE_STRIP = NO;
				DEBUG_INFORMATION_FORMAT = "dwarf-with-dsym";
				ENABLE_NS_ASSERTIONS = NO;
				ENABLE_STRICT_OBJC_MSGSEND = YES;
				GCC_C_LANGUAGE_STANDARD = gnu11;
				GCC_NO_COMMON_BLOCKS = YES;
				GCC_WARN_64_TO_32_BIT_CONVERSION = YES;
				GCC_WARN_ABOUT_RETURN_TYPE = YES_ERROR;
				GCC_WARN_UNDECLARED_SELECTOR = YES;
				GCC_WARN_UNINITIALIZED_AUTOS = YES_AGGRESSIVE;
				GCC_WARN_UNUSED_FUNCTION = YES;
				GCC_WARN_UNUSED_VARIABLE = YES;
				IPHONEOS_DEPLOYMENT_TARGET = 14.1;
				MTL_ENABLE_DEBUG_INFO = NO;
				MTL_FAST_MATH = YES;
				SDKROOT = iphoneos;
				SWIFT_COMPILATION_MODE = wholemodule;
				SWIFT_OPTIMIZATION_LEVEL = "-O";
				VALIDATE_PRODUCT = YES;
			};
			name = Release;
		};
		953759E12562945400ACD8AC /* Debug */ = {
			isa = XCBuildConfiguration;
			buildSettings = {
				ASSETCATALOG_COMPILER_APPICON_NAME = AppIcon;
				ASSETCATALOG_COMPILER_GLOBAL_ACCENT_COLOR_NAME = AccentColor;
				CODE_SIGN_STYLE = Automatic;
				DEVELOPMENT_ASSET_PATHS = "\"UnitConversion/Preview Content\"";
				DEVELOPMENT_TEAM = F27HQ4FLX4;
				ENABLE_PREVIEWS = YES;
				INFOPLIST_FILE = UnitConversion/Info.plist;
				LD_RUNPATH_SEARCH_PATHS = (
					"$(inherited)",
					"@executable_path/Frameworks",
				);
				PRODUCT_BUNDLE_IDENTIFIER = com.charlienguyen.UnitConversion;
				PRODUCT_NAME = "$(TARGET_NAME)";
				SWIFT_VERSION = 5.0;
				TARGETED_DEVICE_FAMILY = "1,2";
			};
			name = Debug;
		};
		953759E22562945400ACD8AC /* Release */ = {
			isa = XCBuildConfiguration;
			buildSettings = {
				ASSETCATALOG_COMPILER_APPICON_NAME = AppIcon;
				ASSETCATALOG_COMPILER_GLOBAL_ACCENT_COLOR_NAME = AccentColor;
				CODE_SIGN_STYLE = Automatic;
				DEVELOPMENT_ASSET_PATHS = "\"UnitConversion/Preview Content\"";
				DEVELOPMENT_TEAM = F27HQ4FLX4;
				ENABLE_PREVIEWS = YES;
				INFOPLIST_FILE = UnitConversion/Info.plist;
				LD_RUNPATH_SEARCH_PATHS = (
					"$(inherited)",
					"@executable_path/Frameworks",
				);
				PRODUCT_BUNDLE_IDENTIFIER = com.charlienguyen.UnitConversion;
				PRODUCT_NAME = "$(TARGET_NAME)";
				SWIFT_VERSION = 5.0;
				TARGETED_DEVICE_FAMILY = "1,2";
			};
			name = Release;
		};
/* End XCBuildConfiguration section */

/* Begin XCConfigurationList section */
		953759C72562945300ACD8AC /* Build configuration list for PBXProject "UnitConversion" */ = {
			isa = XCConfigurationList;
			buildConfigurations = (
				953759DE2562945400ACD8AC /* Debug */,
				953759DF2562945400ACD8AC /* Release */,
			);
			defaultConfigurationIsVisible = 0;
			defaultConfigurationName = Release;
		};
		953759E02562945400ACD8AC /* Build configuration list for PBXNativeTarget "UnitConversion" */ = {
			isa = XCConfigurationList;
			buildConfigurations = (
				953759E12562945400ACD8AC /* Debug */,
				953759E22562945400ACD8AC /* Release */,
			);
			defaultConfigurationIsVisible = 0;
			defaultConfigurationName = Release;
		};
/* End XCConfigurationList section */
	};
	rootObject = 953759C42562945300ACD8AC /* Project object */;
}
